// !$*UTF8*$!
{
	archiveVersion = 1;
	classes = {
	};
	objectVersion = 46;
	objects = {

/* Begin PBXBuildFile section */
		A7C3A0FF1AD76580005ACCFA /* LoginViewController.swift in Sources */ = {isa = PBXBuildFile; fileRef = A7C3A0FE1AD76580005ACCFA /* LoginViewController.swift */; };
		D94B7DA41AB796D1008B2225 /* AppDelegate.swift in Sources */ = {isa = PBXBuildFile; fileRef = D94B7DA31AB796D1008B2225 /* AppDelegate.swift */; };
		D94B7DA61AB796D1008B2225 /* ViewController.swift in Sources */ = {isa = PBXBuildFile; fileRef = D94B7DA51AB796D1008B2225 /* ViewController.swift */; };
		D94B7DA91AB796D1008B2225 /* Main.storyboard in Resources */ = {isa = PBXBuildFile; fileRef = D94B7DA71AB796D1008B2225 /* Main.storyboard */; };
		D94B7DAB1AB796D1008B2225 /* Images.xcassets in Resources */ = {isa = PBXBuildFile; fileRef = D94B7DAA1AB796D1008B2225 /* Images.xcassets */; };
		D94B7DAE1AB796D1008B2225 /* LaunchScreen.xib in Resources */ = {isa = PBXBuildFile; fileRef = D94B7DAC1AB796D1008B2225 /* LaunchScreen.xib */; };
		D94B7DBA1AB796D1008B2225 /* GSSM_CE_ProjectTests.swift in Sources */ = {isa = PBXBuildFile; fileRef = D94B7DB91AB796D1008B2225 /* GSSM_CE_ProjectTests.swift */; };
/* End PBXBuildFile section */

/* Begin PBXContainerItemProxy section */
		D94B7DB41AB796D1008B2225 /* PBXContainerItemProxy */ = {
			isa = PBXContainerItemProxy;
			containerPortal = D94B7D961AB796D1008B2225 /* Project object */;
			proxyType = 1;
			remoteGlobalIDString = D94B7D9D1AB796D1008B2225;
			remoteInfo = GSSM_CE_Project;
		};
/* End PBXContainerItemProxy section */

/* Begin PBXFileReference section */
		A7C3A0FE1AD76580005ACCFA /* LoginViewController.swift */ = {isa = PBXFileReference; fileEncoding = 4; lastKnownFileType = sourcecode.swift; path = LoginViewController.swift; sourceTree = "<group>"; };
		D94B7D9E1AB796D1008B2225 /* GSSM_CE_Project.app */ = {isa = PBXFileReference; explicitFileType = wrapper.application; includeInIndex = 0; path = GSSM_CE_Project.app; sourceTree = BUILT_PRODUCTS_DIR; };
		D94B7DA21AB796D1008B2225 /* Info.plist */ = {isa = PBXFileReference; lastKnownFileType = text.plist.xml; path = Info.plist; sourceTree = "<group>"; };
		D94B7DA31AB796D1008B2225 /* AppDelegate.swift */ = {isa = PBXFileReference; lastKnownFileType = sourcecode.swift; path = AppDelegate.swift; sourceTree = "<group>"; };
		D94B7DA51AB796D1008B2225 /* ViewController.swift */ = {isa = PBXFileReference; lastKnownFileType = sourcecode.swift; path = ViewController.swift; sourceTree = "<group>"; };
		D94B7DA81AB796D1008B2225 /* Base */ = {isa = PBXFileReference; lastKnownFileType = file.storyboard; name = Base; path = Base.lproj/Main.storyboard; sourceTree = "<group>"; };
		D94B7DAA1AB796D1008B2225 /* Images.xcassets */ = {isa = PBXFileReference; lastKnownFileType = folder.assetcatalog; path = Images.xcassets; sourceTree = "<group>"; };
		D94B7DAD1AB796D1008B2225 /* Base */ = {isa = PBXFileReference; lastKnownFileType = file.xib; name = Base; path = Base.lproj/LaunchScreen.xib; sourceTree = "<group>"; };
		D94B7DB31AB796D1008B2225 /* GSSM_CE_ProjectTests.xctest */ = {isa = PBXFileReference; explicitFileType = wrapper.cfbundle; includeInIndex = 0; path = GSSM_CE_ProjectTests.xctest; sourceTree = BUILT_PRODUCTS_DIR; };
		D94B7DB81AB796D1008B2225 /* Info.plist */ = {isa = PBXFileReference; lastKnownFileType = text.plist.xml; path = Info.plist; sourceTree = "<group>"; };
		D94B7DB91AB796D1008B2225 /* GSSM_CE_ProjectTests.swift */ = {isa = PBXFileReference; lastKnownFileType = sourcecode.swift; path = GSSM_CE_ProjectTests.swift; sourceTree = "<group>"; };
/* End PBXFileReference section */

/* Begin PBXFrameworksBuildPhase section */
		D94B7D9B1AB796D1008B2225 /* Frameworks */ = {
			isa = PBXFrameworksBuildPhase;
			buildActionMask = 2147483647;
			files = (
			);
			runOnlyForDeploymentPostprocessing = 0;
		};
		D94B7DB01AB796D1008B2225 /* Frameworks */ = {
			isa = PBXFrameworksBuildPhase;
			buildActionMask = 2147483647;
			files = (
			);
			runOnlyForDeploymentPostprocessing = 0;
		};
/* End PBXFrameworksBuildPhase section */

/* Begin PBXGroup section */
		D94B7D951AB796D1008B2225 = {
			isa = PBXGroup;
			children = (
				A7C3A0FE1AD76580005ACCFA /* LoginViewController.swift */,
				D94B7DA01AB796D1008B2225 /* GSSM_CE_Project */,
				D94B7DB61AB796D1008B2225 /* GSSM_CE_ProjectTests */,
				D94B7D9F1AB796D1008B2225 /* Products */,
			);
			sourceTree = "<group>";
		};
		D94B7D9F1AB796D1008B2225 /* Products */ = {
			isa = PBXGroup;
			children = (
				D94B7D9E1AB796D1008B2225 /* GSSM_CE_Project.app */,
				D94B7DB31AB796D1008B2225 /* GSSM_CE_ProjectTests.xctest */,
			);
			name = Products;
			sourceTree = "<group>";
		};
		D94B7DA01AB796D1008B2225 /* GSSM_CE_Project */ = {
			isa = PBXGroup;
			children = (
				D94B7DA31AB796D1008B2225 /* AppDelegate.swift */,
				D94B7DA51AB796D1008B2225 /* ViewController.swift */,
				D94B7DA71AB796D1008B2225 /* Main.storyboard */,
				D94B7DAA1AB796D1008B2225 /* Images.xcassets */,
				D94B7DAC1AB796D1008B2225 /* LaunchScreen.xib */,
				D94B7DA11AB796D1008B2225 /* Supporting Files */,
			);
			path = GSSM_CE_Project;
			sourceTree = "<group>";
		};
		D94B7DA11AB796D1008B2225 /* Supporting Files */ = {
			isa = PBXGroup;
			children = (
				D94B7DA21AB796D1008B2225 /* Info.plist */,
			);
			name = "Supporting Files";
			sourceTree = "<group>";
		};
		D94B7DB61AB796D1008B2225 /* GSSM_CE_ProjectTests */ = {
			isa = PBXGroup;
			children = (
				D94B7DB91AB796D1008B2225 /* GSSM_CE_ProjectTests.swift */,
				D94B7DB71AB796D1008B2225 /* Supporting Files */,
			);
			path = GSSM_CE_ProjectTests;
			sourceTree = "<group>";
		};
		D94B7DB71AB796D1008B2225 /* Supporting Files */ = {
			isa = PBXGroup;
			children = (
				D94B7DB81AB796D1008B2225 /* Info.plist */,
			);
			name = "Supporting Files";
			sourceTree = "<group>";
		};
/* End PBXGroup section */

/* Begin PBXNativeTarget section */
		D94B7D9D1AB796D1008B2225 /* GSSM_CE_Project */ = {
			isa = PBXNativeTarget;
			buildConfigurationList = D94B7DBD1AB796D1008B2225 /* Build configuration list for PBXNativeTarget "GSSM_CE_Project" */;
			buildPhases = (
				D94B7D9A1AB796D1008B2225 /* Sources */,
				D94B7D9B1AB796D1008B2225 /* Frameworks */,
				D94B7D9C1AB796D1008B2225 /* Resources */,
			);
			buildRules = (
			);
			dependencies = (
			);
			name = GSSM_CE_Project;
			productName = GSSM_CE_Project;
			productReference = D94B7D9E1AB796D1008B2225 /* GSSM_CE_Project.app */;
			productType = "com.apple.product-type.application";
		};
		D94B7DB21AB796D1008B2225 /* GSSM_CE_ProjectTests */ = {
			isa = PBXNativeTarget;
			buildConfigurationList = D94B7DC01AB796D1008B2225 /* Build configuration list for PBXNativeTarget "GSSM_CE_ProjectTests" */;
			buildPhases = (
				D94B7DAF1AB796D1008B2225 /* Sources */,
				D94B7DB01AB796D1008B2225 /* Frameworks */,
				D94B7DB11AB796D1008B2225 /* Resources */,
			);
			buildRules = (
			);
			dependencies = (
				D94B7DB51AB796D1008B2225 /* PBXTargetDependency */,
			);
			name = GSSM_CE_ProjectTests;
			productName = GSSM_CE_ProjectTests;
			productReference = D94B7DB31AB796D1008B2225 /* GSSM_CE_ProjectTests.xctest */;
			productType = "com.apple.product-type.bundle.unit-test";
		};
/* End PBXNativeTarget section */

/* Begin PBXProject section */
		D94B7D961AB796D1008B2225 /* Project object */ = {
			isa = PBXProject;
			attributes = {
				LastUpgradeCheck = 0610;
				ORGANIZATIONNAME = "Bingham&Sylvester";
				TargetAttributes = {
					D94B7D9D1AB796D1008B2225 = {
						CreatedOnToolsVersion = 6.1.1;
					};
					D94B7DB21AB796D1008B2225 = {
						CreatedOnToolsVersion = 6.1.1;
						TestTargetID = D94B7D9D1AB796D1008B2225;
					};
				};
			};
			buildConfigurationList = D94B7D991AB796D1008B2225 /* Build configuration list for PBXProject "GSSM_CE_Project" */;
			compatibilityVersion = "Xcode 3.2";
			developmentRegion = English;
			hasScannedForEncodings = 0;
			knownRegions = (
				en,
				Base,
			);
			mainGroup = D94B7D951AB796D1008B2225;
			productRefGroup = D94B7D9F1AB796D1008B2225 /* Products */;
			projectDirPath = "";
			projectRoot = "";
			targets = (
				D94B7D9D1AB796D1008B2225 /* GSSM_CE_Project */,
				D94B7DB21AB796D1008B2225 /* GSSM_CE_ProjectTests */,
			);
		};
/* End PBXProject section */

/* Begin PBXResourcesBuildPhase section */
		D94B7D9C1AB796D1008B2225 /* Resources */ = {
			isa = PBXResourcesBuildPhase;
			buildActionMask = 2147483647;
			files = (
				D94B7DA91AB796D1008B2225 /* Main.storyboard in Resources */,
				D94B7DAE1AB796D1008B2225 /* LaunchScreen.xib in Resources */,
				D94B7DAB1AB796D1008B2225 /* Images.xcassets in Resources */,
			);
			runOnlyForDeploymentPostprocessing = 0;
		};
		D94B7DB11AB796D1008B2225 /* Resources */ = {
			isa = PBXResourcesBuildPhase;
			buildActionMask = 2147483647;
			files = (
			);
			runOnlyForDeploymentPostprocessing = 0;
		};
/* End PBXResourcesBuildPhase section */

/* Begin PBXSourcesBuildPhase section */
		D94B7D9A1AB796D1008B2225 /* Sources */ = {
			isa = PBXSourcesBuildPhase;
			buildActionMask = 2147483647;
			files = (
				A7C3A0FF1AD76580005ACCFA /* LoginViewController.swift in Sources */,
				D94B7DA61AB796D1008B2225 /* ViewController.swift in Sources */,
				D94B7DA41AB796D1008B2225 /* AppDelegate.swift in Sources */,
			);
			runOnlyForDeploymentPostprocessing = 0;
		};
		D94B7DAF1AB796D1008B2225 /* Sources */ = {
			isa = PBXSourcesBuildPhase;
			buildActionMask = 2147483647;
			files = (
				D94B7DBA1AB796D1008B2225 /* GSSM_CE_ProjectTests.swift in Sources */,
			);
			runOnlyForDeploymentPostprocessing = 0;
		};
/* End PBXSourcesBuildPhase section */

/* Begin PBXTargetDependency section */
		D94B7DB51AB796D1008B2225 /* PBXTargetDependency */ = {
			isa = PBXTargetDependency;
			target = D94B7D9D1AB796D1008B2225 /* GSSM_CE_Project */;
			targetProxy = D94B7DB41AB796D1008B2225 /* PBXContainerItemProxy */;
		};
/* End PBXTargetDependency section */

/* Begin PBXVariantGroup section */
		D94B7DA71AB796D1008B2225 /* Main.storyboard */ = {
			isa = PBXVariantGroup;
			children = (
				D94B7DA81AB796D1008B2225 /* Base */,
			);
			name = Main.storyboard;
			sourceTree = "<group>";
		};
		D94B7DAC1AB796D1008B2225 /* LaunchScreen.xib */ = {
			isa = PBXVariantGroup;
			children = (
				D94B7DAD1AB796D1008B2225 /* Base */,
			);
			name = LaunchScreen.xib;
			sourceTree = "<group>";
		};
/* End PBXVariantGroup section */

/* Begin XCBuildConfiguration section */
		D94B7DBB1AB796D1008B2225 /* Debug */ = {
			isa = XCBuildConfiguration;
			buildSettings = {
				ALWAYS_SEARCH_USER_PATHS = NO;
				CLANG_CXX_LANGUAGE_STANDARD = "gnu++0x";
				CLANG_CXX_LIBRARY = "libc++";
				CLANG_ENABLE_MODULES = YES;
				CLANG_ENABLE_OBJC_ARC = YES;
				CLANG_WARN_BOOL_CONVERSION = YES;
				CLANG_WARN_CONSTANT_CONVERSION = YES;
				CLANG_WARN_DIRECT_OBJC_ISA_USAGE = YES_ERROR;
				CLANG_WARN_EMPTY_BODY = YES;
				CLANG_WARN_ENUM_CONVERSION = YES;
				CLANG_WARN_INT_CONVERSION = YES;
				CLANG_WARN_OBJC_ROOT_CLASS = YES_ERROR;
				CLANG_WARN_UNREACHABLE_CODE = YES;
				CLANG_WARN__DUPLICATE_METHOD_MATCH = YES;
				"CODE_SIGN_IDENTITY[sdk=iphoneos*]" = "iPhone Developer";
				COPY_PHASE_STRIP = NO;
				ENABLE_STRICT_OBJC_MSGSEND = YES;
				GCC_C_LANGUAGE_STANDARD = gnu99;
				GCC_DYNAMIC_NO_PIC = NO;
				GCC_OPTIMIZATION_LEVEL = 0;
				GCC_PREPROCESSOR_DEFINITIONS = (
					"DEBUG=1",
					"$(inherited)",
				);
				GCC_SYMBOLS_PRIVATE_EXTERN = NO;
				GCC_WARN_64_TO_32_BIT_CONVERSION = YES;
				GCC_WARN_ABOUT_RETURN_TYPE = YES_ERROR;
				GCC_WARN_UNDECLARED_SELECTOR = YES;
				GCC_WARN_UNINITIALIZED_AUTOS = YES_AGGRESSIVE;
				GCC_WARN_UNUSED_FUNCTION = YES;
				GCC_WARN_UNUSED_VARIABLE = YES;
				IPHONEOS_DEPLOYMENT_TARGET = 8.1;
				MTL_ENABLE_DEBUG_INFO = YES;
				ONLY_ACTIVE_ARCH = YES;
				SDKROOT = iphoneos;
				SWIFT_OPTIMIZATION_LEVEL = "-Onone";
				TARGETED_DEVICE_FAMILY = "1,2";
			};
			name = Debug;
		};
		D94B7DBC1AB796D1008B2225 /* Release */ = {
			isa = XCBuildConfiguration;
			buildSettings = {
				ALWAYS_SEARCH_USER_PATHS = NO;
				CLANG_CXX_LANGUAGE_STANDARD = "gnu++0x";
				CLANG_CXX_LIBRARY = "libc++";
				CLANG_ENABLE_MODULES = YES;
				CLANG_ENABLE_OBJC_ARC = YES;
				CLANG_WARN_BOOL_CONVERSION = YES;
				CLANG_WARN_CONSTANT_CONVERSION = YES;
				CLANG_WARN_DIRECT_OBJC_ISA_USAGE = YES_ERROR;
				CLANG_WARN_EMPTY_BODY = YES;
				CLANG_WARN_ENUM_CONVERSION = YES;
				CLANG_WARN_INT_CONVERSION = YES;
				CLANG_WARN_OBJC_ROOT_CLASS = YES_ERROR;
				CLANG_WARN_UNREACHABLE_CODE = YES;
				CLANG_WARN__DUPLICATE_METHOD_MATCH = YES;
				"CODE_SIGN_IDENTITY[sdk=iphoneos*]" = "iPhone Developer";
				COPY_PHASE_STRIP = YES;
				ENABLE_NS_ASSERTIONS = NO;
				ENABLE_STRICT_OBJC_MSGSEND = YES;
				GCC_C_LANGUAGE_STANDARD = gnu99;
				GCC_WARN_64_TO_32_BIT_CONVERSION = YES;
				GCC_WARN_ABOUT_RETURN_TYPE = YES_ERROR;
				GCC_WARN_UNDECLARED_SELECTOR = YES;
				GCC_WARN_UNINITIALIZED_AUTOS = YES_AGGRESSIVE;
				GCC_WARN_UNUSED_FUNCTION = YES;
				GCC_WARN_UNUSED_VARIABLE = YES;
				IPHONEOS_DEPLOYMENT_TARGET = 8.1;
				MTL_ENABLE_DEBUG_INFO = NO;
				SDKROOT = iphoneos;
				TARGETED_DEVICE_FAMILY = "1,2";
				VALIDATE_PRODUCT = YES;
			};
			name = Release;
		};
		D94B7DBE1AB796D1008B2225 /* Debug */ = {
			isa = XCBuildConfiguration;
			buildSettings = {
				ASSETCATALOG_COMPILER_APPICON_NAME = AppIcon;
				INFOPLIST_FILE = GSSM_CE_Project/Info.plist;
				LD_RUNPATH_SEARCH_PATHS = "$(inherited) @executable_path/Frameworks";
				PRODUCT_NAME = "$(TARGET_NAME)";
				TARGETED_DEVICE_FAMILY = 2;
			};
			name = Debug;
		};
		D94B7DBF1AB796D1008B2225 /* Release */ = {
			isa = XCBuildConfiguration;
			buildSettings = {
				ASSETCATALOG_COMPILER_APPICON_NAME = AppIcon;
				INFOPLIST_FILE = GSSM_CE_Project/Info.plist;
				LD_RUNPATH_SEARCH_PATHS = "$(inherited) @executable_path/Frameworks";
				PRODUCT_NAME = "$(TARGET_NAME)";
				TARGETED_DEVICE_FAMILY = 2;
			};
			name = Release;
		};
		D94B7DC11AB796D1008B2225 /* Debug */ = {
			isa = XCBuildConfiguration;
			buildSettings = {
				BUNDLE_LOADER = "$(TEST_HOST)";
				FRAMEWORK_SEARCH_PATHS = (
					"$(SDKROOT)/Developer/Library/Frameworks",
					"$(inherited)",
				);
				GCC_PREPROCESSOR_DEFINITIONS = (
					"DEBUG=1",
					"$(inherited)",
				);
				INFOPLIST_FILE = GSSM_CE_ProjectTests/Info.plist;
				LD_RUNPATH_SEARCH_PATHS = "$(inherited) @executable_path/Frameworks @loader_path/Frameworks";
				PRODUCT_NAME = "$(TARGET_NAME)";
				TEST_HOST = "$(BUILT_PRODUCTS_DIR)/GSSM_CE_Project.app/GSSM_CE_Project";
			};
			name = Debug;
		};
		D94B7DC21AB796D1008B2225 /* Release */ = {
			isa = XCBuildConfiguration;
			buildSettings = {
				BUNDLE_LOADER = "$(TEST_HOST)";
				FRAMEWORK_SEARCH_PATHS = (
					"$(SDKROOT)/Developer/Library/Frameworks",
					"$(inherited)",
				);
				INFOPLIST_FILE = GSSM_CE_ProjectTests/Info.plist;
				LD_RUNPATH_SEARCH_PATHS = "$(inherited) @executable_path/Frameworks @loader_path/Frameworks";
				PRODUCT_NAME = "$(TARGET_NAME)";
				TEST_HOST = "$(BUILT_PRODUCTS_DIR)/GSSM_CE_Project.app/GSSM_CE_Project";
			};
			name = Release;
		};
/* End XCBuildConfiguration section */

/* Begin XCConfigurationList section */
		D94B7D991AB796D1008B2225 /* Build configuration list for PBXProject "GSSM_CE_Project" */ = {
			isa = XCConfigurationList;
			buildConfigurations = (
				D94B7DBB1AB796D1008B2225 /* Debug */,
				D94B7DBC1AB796D1008B2225 /* Release */,
			);
			defaultConfigurationIsVisible = 0;
			defaultConfigurationName = Release;
		};
		D94B7DBD1AB796D1008B2225 /* Build configuration list for PBXNativeTarget "GSSM_CE_Project" */ = {
			isa = XCConfigurationList;
			buildConfigurations = (
				D94B7DBE1AB796D1008B2225 /* Debug */,
				D94B7DBF1AB796D1008B2225 /* Release */,
			);
			defaultConfigurationIsVisible = 0;
			defaultConfigurationName = Release;
		};
		D94B7DC01AB796D1008B2225 /* Build configuration list for PBXNativeTarget "GSSM_CE_ProjectTests" */ = {
			isa = XCConfigurationList;
			buildConfigurations = (
				D94B7DC11AB796D1008B2225 /* Debug */,
				D94B7DC21AB796D1008B2225 /* Release */,
			);
			defaultConfigurationIsVisible = 0;
			defaultConfigurationName = Release;
		};
/* End XCConfigurationList section */
	};
	rootObject = D94B7D961AB796D1008B2225 /* Project object */;
}
